PODS:
  - KIF (2.0.0)
  - UIDeviceIdentifier (1.0.2)

DEPENDENCIES:
  - KIF (~> 2.0)
  - UIDeviceIdentifier

SPEC CHECKSUMS:
  KIF: 28b15535a46fafddb318217fe97819d2755ed1ef
  UIDeviceIdentifier: 92865347811e6ab6de414a7b751bb876080d70b7

PODFILE CHECKSUM: c9097c803d275fc87fbe628ffd30c062e0302be5

COCOAPODS: 1.0.1
